
Microsoft Visual Studio Solution File, Format Version 12.00
# Visual Studio Version 16
VisualStudioVersion = 16.0.31727.386
MinimumVisualStudioVersion = 10.0.40219.1
Project("{2150E333-8FDC-42A3-9474-1A3956D46DE8}") = "Lesson3part1", "Lesson3part1", "{D6A70D9F-F9EC-49AC-834E-3BE5C92E3FFB}"
EndProject
Project("{9A19103F-16F7-4668-BE54-9A1E7A4F7556}") = "Lesson3Part1", "Lesson3Part1\Lesson3Part1.csproj", "{5878EB5B-50AB-46EF-822B-816DE35951DD}"
EndProject
Project("{2150E333-8FDC-42A3-9474-1A3956D46DE8}") = "Lesson3Part2", "Lesson3Part2", "{A60EF7B8-BDD1-45C9-ABCF-995D5F74E421}"
EndProject
Project("{9A19103F-16F7-4668-BE54-9A1E7A4F7556}") = "Lesson3Part2", "Lesson3Part2\Lesson3Part2.csproj", "{E1C2C35B-8476-45D9-9A04-1DD639CC7AAC}"
EndProject
Project("{2150E333-8FDC-42A3-9474-1A3956D46DE8}") = "Lesson3Part3", "Lesson3Part3", "{02F274D6-A0D6-425A-9882-AD4C1A405B8D}"
EndProject
Project("{2150E333-8FDC-42A3-9474-1A3956D46DE8}") = "Lesson3", "Lesson3", "{0D04674C-109D-4BA9-B7CF-F27EC99B092C}"
EndProject
Project("{9A19103F-16F7-4668-BE54-9A1E7A4F7556}") = "Lesson3Part3", "Lesson3Part3\Lesson3Part3.csproj", "{68481AA3-BCBD-48DB-BE74-B5C7FF896A6D}"
EndProject
Project("{2150E333-8FDC-42A3-9474-1A3956D46DE8}") = "Lesson3Part4", "Lesson3Part4", "{EACB813C-3DC9-41B5-8CBB-DC32989703CA}"
EndProject
Project("{9A19103F-16F7-4668-BE54-9A1E7A4F7556}") = "Lesson3Part4", "Lesson3Part4\Lesson3Part4.csproj", "{F29EA22E-0391-44C8-9131-5D521A4A1369}"
EndProject
Project("{2150E333-8FDC-42A3-9474-1A3956D46DE8}") = "Lesson3Part6", "Lesson3Part6", "{2A17BC7F-D45D-4AE9-8501-D90CF913E8A9}"
EndProject
Project("{9A19103F-16F7-4668-BE54-9A1E7A4F7556}") = "Lesson3Part6", "Lesson3Part6\Lesson3Part6.csproj", "{7279697E-5D5E-4DC1-A678-530787191F64}"
EndProject
Project("{2150E333-8FDC-42A3-9474-1A3956D46DE8}") = "Lesson3Part5", "Lesson3Part5", "{3F2DB14F-0CFB-4138-A987-357465D67FBD}"
EndProject
Project("{9A19103F-16F7-4668-BE54-9A1E7A4F7556}") = "Lesson3Part5", "Lesson3Part5\Lesson3Part5.csproj", "{3193021B-86F7-4361-8DFB-CA2A5795E511}"
EndProject
Project("{2150E333-8FDC-42A3-9474-1A3956D46DE8}") = "Lesson4", "Lesson4", "{D2ED969F-B287-449F-A1A4-9F3ADE6EF6A6}"
EndProject
Project("{2150E333-8FDC-42A3-9474-1A3956D46DE8}") = "Lesson4Part1", "Lesson4Part1", "{7FD1A677-42BD-4BC7-8249-1461F6D19564}"
EndProject
Project("{9A19103F-16F7-4668-BE54-9A1E7A4F7556}") = "Lesson4Part1", "Lesson4Part1\Lesson4Part1.csproj", "{6C81BCCE-1998-4F73-A486-4E9D9A4E789F}"
EndProject
Project("{2150E333-8FDC-42A3-9474-1A3956D46DE8}") = "Lesson4Part2", "Lesson4Part2", "{EE7BC61E-F61D-4BCE-B188-B12B67FBBDBA}"
EndProject
Project("{9A19103F-16F7-4668-BE54-9A1E7A4F7556}") = "Lesson4Part2", "Lesson4Part2\Lesson4Part2.csproj", "{7AB1ED12-DC68-454B-92BD-FC101D9AA653}"
EndProject
Project("{2150E333-8FDC-42A3-9474-1A3956D46DE8}") = "Lesson4Part3", "Lesson4Part3", "{09ED5B41-97B7-43D2-8604-F064C833D48C}"
EndProject
Project("{9A19103F-16F7-4668-BE54-9A1E7A4F7556}") = "Lesson4Part3", "Lesson4Part3\Lesson4Part3.csproj", "{6D4C12C7-D3B7-46C4-B4D1-3192C8FFC6E5}"
EndProject
Project("{2150E333-8FDC-42A3-9474-1A3956D46DE8}") = "Lesson4Part4", "Lesson4Part4", "{4355976A-EDCE-453E-9B5F-F1998BAEFE7A}"
EndProject
Project("{9A19103F-16F7-4668-BE54-9A1E7A4F7556}") = "Lesson4Part4", "Lesson4Part4\Lesson4Part4.csproj", "{AD3A940E-30E8-4707-9E89-731EA430F5C6}"
EndProject
Project("{2150E333-8FDC-42A3-9474-1A3956D46DE8}") = "Lesson4Part5", "Lesson4Part5", "{72AAA08F-376D-46AF-BCF6-747437FEDE2A}"
EndProject
Project("{9A19103F-16F7-4668-BE54-9A1E7A4F7556}") = "Lesson4Part5", "Lesson4Part5\Lesson4Part5.csproj", "{89B1A7F6-952A-415E-91EC-93CBF5C99808}"
EndProject
Project("{2150E333-8FDC-42A3-9474-1A3956D46DE8}") = "Lesson4Part6", "Lesson4Part6", "{5A1AFFFC-8371-4902-9EA6-872DAA56AFE3}"
EndProject
Project("{9A19103F-16F7-4668-BE54-9A1E7A4F7556}") = "Lesson4Part6", "Lesson4Part6\Lesson4Part6.csproj", "{23510162-7DCA-45EF-BD9C-F00449B0BFC9}"
EndProject
Project("{2150E333-8FDC-42A3-9474-1A3956D46DE8}") = "Lesson4Part7", "Lesson4Part7", "{856873CC-6B6F-4F4A-8E8A-798E4EADC4B5}"
EndProject
Project("{9A19103F-16F7-4668-BE54-9A1E7A4F7556}") = "Lesson4Part7", "Lesson4Part7\Lesson4Part7.csproj", "{C19CBE67-87CB-4458-A649-5381DB3968E1}"
EndProject
Project("{2150E333-8FDC-42A3-9474-1A3956D46DE8}") = "Lesson4Part8", "Lesson4Part8", "{49DCD2BE-9D70-44C9-A912-1EF3DE650892}"
EndProject
Project("{9A19103F-16F7-4668-BE54-9A1E7A4F7556}") = "Lesson4Part8", "Lesson4Part8\Lesson4Part8.csproj", "{497245E7-DFD9-408A-AA13-508955F6A760}"
EndProject
Project("{2150E333-8FDC-42A3-9474-1A3956D46DE8}") = "Lesson4Part10", "Lesson4Part10", "{40EF0494-A60D-45CB-9996-89549C836C0D}"
EndProject
Project("{9A19103F-16F7-4668-BE54-9A1E7A4F7556}") = "Lesson4Part10", "Lesson4Part10\Lesson4Part10.csproj", "{5DB0E72F-2E1B-4825-812C-64324F6B4BF3}"
EndProject
Project("{2150E333-8FDC-42A3-9474-1A3956D46DE8}") = "Lesson4Part9", "Lesson4Part9", "{1CD88F68-8C05-43C2-8E5E-998B1723E1E6}"
EndProject
Project("{9A19103F-16F7-4668-BE54-9A1E7A4F7556}") = "Lesson4Part9", "Lesson4Part9\Lesson4Part9.csproj", "{5CE24EAD-1F13-4F2C-8816-BB03157BB74A}"
EndProject
Project("{2150E333-8FDC-42A3-9474-1A3956D46DE8}") = "NewFolder1", "NewFolder1", "{0B29233F-66EB-4F98-B0F2-497B7989ABEB}"
EndProject
Global
	GlobalSection(SolutionConfigurationPlatforms) = preSolution
		Debug|Any CPU = Debug|Any CPU
		Release|Any CPU = Release|Any CPU
	EndGlobalSection
	GlobalSection(ProjectConfigurationPlatforms) = postSolution
		{5878EB5B-50AB-46EF-822B-816DE35951DD}.Debug|Any CPU.ActiveCfg = Debug|Any CPU
		{5878EB5B-50AB-46EF-822B-816DE35951DD}.Debug|Any CPU.Build.0 = Debug|Any CPU
		{5878EB5B-50AB-46EF-822B-816DE35951DD}.Release|Any CPU.ActiveCfg = Release|Any CPU
		{5878EB5B-50AB-46EF-822B-816DE35951DD}.Release|Any CPU.Build.0 = Release|Any CPU
		{E1C2C35B-8476-45D9-9A04-1DD639CC7AAC}.Debug|Any CPU.ActiveCfg = Debug|Any CPU
		{E1C2C35B-8476-45D9-9A04-1DD639CC7AAC}.Debug|Any CPU.Build.0 = Debug|Any CPU
		{E1C2C35B-8476-45D9-9A04-1DD639CC7AAC}.Release|Any CPU.ActiveCfg = Release|Any CPU
		{E1C2C35B-8476-45D9-9A04-1DD639CC7AAC}.Release|Any CPU.Build.0 = Release|Any CPU
		{68481AA3-BCBD-48DB-BE74-B5C7FF896A6D}.Debug|Any CPU.ActiveCfg = Debug|Any CPU
		{68481AA3-BCBD-48DB-BE74-B5C7FF896A6D}.Debug|Any CPU.Build.0 = Debug|Any CPU
		{68481AA3-BCBD-48DB-BE74-B5C7FF896A6D}.Release|Any CPU.ActiveCfg = Release|Any CPU
		{68481AA3-BCBD-48DB-BE74-B5C7FF896A6D}.Release|Any CPU.Build.0 = Release|Any CPU
		{F29EA22E-0391-44C8-9131-5D521A4A1369}.Debug|Any CPU.ActiveCfg = Debug|Any CPU
		{F29EA22E-0391-44C8-9131-5D521A4A1369}.Debug|Any CPU.Build.0 = Debug|Any CPU
		{F29EA22E-0391-44C8-9131-5D521A4A1369}.Release|Any CPU.ActiveCfg = Release|Any CPU
		{F29EA22E-0391-44C8-9131-5D521A4A1369}.Release|Any CPU.Build.0 = Release|Any CPU
		{7279697E-5D5E-4DC1-A678-530787191F64}.Debug|Any CPU.ActiveCfg = Debug|Any CPU
		{7279697E-5D5E-4DC1-A678-530787191F64}.Debug|Any CPU.Build.0 = Debug|Any CPU
		{7279697E-5D5E-4DC1-A678-530787191F64}.Release|Any CPU.ActiveCfg = Release|Any CPU
		{7279697E-5D5E-4DC1-A678-530787191F64}.Release|Any CPU.Build.0 = Release|Any CPU
		{3193021B-86F7-4361-8DFB-CA2A5795E511}.Debug|Any CPU.ActiveCfg = Debug|Any CPU
		{3193021B-86F7-4361-8DFB-CA2A5795E511}.Debug|Any CPU.Build.0 = Debug|Any CPU
		{3193021B-86F7-4361-8DFB-CA2A5795E511}.Release|Any CPU.ActiveCfg = Release|Any CPU
		{3193021B-86F7-4361-8DFB-CA2A5795E511}.Release|Any CPU.Build.0 = Release|Any CPU
		{6C81BCCE-1998-4F73-A486-4E9D9A4E789F}.Debug|Any CPU.ActiveCfg = Debug|Any CPU
		{6C81BCCE-1998-4F73-A486-4E9D9A4E789F}.Debug|Any CPU.Build.0 = Debug|Any CPU
		{6C81BCCE-1998-4F73-A486-4E9D9A4E789F}.Release|Any CPU.ActiveCfg = Release|Any CPU
		{6C81BCCE-1998-4F73-A486-4E9D9A4E789F}.Release|Any CPU.Build.0 = Release|Any CPU
		{7AB1ED12-DC68-454B-92BD-FC101D9AA653}.Debug|Any CPU.ActiveCfg = Debug|Any CPU
		{7AB1ED12-DC68-454B-92BD-FC101D9AA653}.Debug|Any CPU.Build.0 = Debug|Any CPU
		{7AB1ED12-DC68-454B-92BD-FC101D9AA653}.Release|Any CPU.ActiveCfg = Release|Any CPU
		{7AB1ED12-DC68-454B-92BD-FC101D9AA653}.Release|Any CPU.Build.0 = Release|Any CPU
		{6D4C12C7-D3B7-46C4-B4D1-3192C8FFC6E5}.Debug|Any CPU.ActiveCfg = Debug|Any CPU
		{6D4C12C7-D3B7-46C4-B4D1-3192C8FFC6E5}.Debug|Any CPU.Build.0 = Debug|Any CPU
		{6D4C12C7-D3B7-46C4-B4D1-3192C8FFC6E5}.Release|Any CPU.ActiveCfg = Release|Any CPU
		{6D4C12C7-D3B7-46C4-B4D1-3192C8FFC6E5}.Release|Any CPU.Build.0 = Release|Any CPU
		{AD3A940E-30E8-4707-9E89-731EA430F5C6}.Debug|Any CPU.ActiveCfg = Debug|Any CPU
		{AD3A940E-30E8-4707-9E89-731EA430F5C6}.Debug|Any CPU.Build.0 = Debug|Any CPU
		{AD3A940E-30E8-4707-9E89-731EA430F5C6}.Release|Any CPU.ActiveCfg = Release|Any CPU
		{AD3A940E-30E8-4707-9E89-731EA430F5C6}.Release|Any CPU.Build.0 = Release|Any CPU
		{89B1A7F6-952A-415E-91EC-93CBF5C99808}.Debug|Any CPU.ActiveCfg = Debug|Any CPU
		{89B1A7F6-952A-415E-91EC-93CBF5C99808}.Debug|Any CPU.Build.0 = Debug|Any CPU
		{89B1A7F6-952A-415E-91EC-93CBF5C99808}.Release|Any CPU.ActiveCfg = Release|Any CPU
		{89B1A7F6-952A-415E-91EC-93CBF5C99808}.Release|Any CPU.Build.0 = Release|Any CPU
		{23510162-7DCA-45EF-BD9C-F00449B0BFC9}.Debug|Any CPU.ActiveCfg = Debug|Any CPU
		{23510162-7DCA-45EF-BD9C-F00449B0BFC9}.Debug|Any CPU.Build.0 = Debug|Any CPU
		{23510162-7DCA-45EF-BD9C-F00449B0BFC9}.Release|Any CPU.ActiveCfg = Release|Any CPU
		{23510162-7DCA-45EF-BD9C-F00449B0BFC9}.Release|Any CPU.Build.0 = Release|Any CPU
		{C19CBE67-87CB-4458-A649-5381DB3968E1}.Debug|Any CPU.ActiveCfg = Debug|Any CPU
		{C19CBE67-87CB-4458-A649-5381DB3968E1}.Debug|Any CPU.Build.0 = Debug|Any CPU
		{C19CBE67-87CB-4458-A649-5381DB3968E1}.Release|Any CPU.ActiveCfg = Release|Any CPU
		{C19CBE67-87CB-4458-A649-5381DB3968E1}.Release|Any CPU.Build.0 = Release|Any CPU
		{497245E7-DFD9-408A-AA13-508955F6A760}.Debug|Any CPU.ActiveCfg = Debug|Any CPU
		{497245E7-DFD9-408A-AA13-508955F6A760}.Debug|Any CPU.Build.0 = Debug|Any CPU
		{497245E7-DFD9-408A-AA13-508955F6A760}.Release|Any CPU.ActiveCfg = Release|Any CPU
		{497245E7-DFD9-408A-AA13-508955F6A760}.Release|Any CPU.Build.0 = Release|Any CPU
		{5DB0E72F-2E1B-4825-812C-64324F6B4BF3}.Debug|Any CPU.ActiveCfg = Debug|Any CPU
		{5DB0E72F-2E1B-4825-812C-64324F6B4BF3}.Debug|Any CPU.Build.0 = Debug|Any CPU
		{5DB0E72F-2E1B-4825-812C-64324F6B4BF3}.Release|Any CPU.ActiveCfg = Release|Any CPU
		{5DB0E72F-2E1B-4825-812C-64324F6B4BF3}.Release|Any CPU.Build.0 = Release|Any CPU
		{5CE24EAD-1F13-4F2C-8816-BB03157BB74A}.Debug|Any CPU.ActiveCfg = Debug|Any CPU
		{5CE24EAD-1F13-4F2C-8816-BB03157BB74A}.Debug|Any CPU.Build.0 = Debug|Any CPU
		{5CE24EAD-1F13-4F2C-8816-BB03157BB74A}.Release|Any CPU.ActiveCfg = Release|Any CPU
		{5CE24EAD-1F13-4F2C-8816-BB03157BB74A}.Release|Any CPU.Build.0 = Release|Any CPU
	EndGlobalSection
	GlobalSection(SolutionProperties) = preSolution
		HideSolutionNode = FALSE
	EndGlobalSection
	GlobalSection(NestedProjects) = preSolution
		{D6A70D9F-F9EC-49AC-834E-3BE5C92E3FFB} = {0D04674C-109D-4BA9-B7CF-F27EC99B092C}
		{5878EB5B-50AB-46EF-822B-816DE35951DD} = {D6A70D9F-F9EC-49AC-834E-3BE5C92E3FFB}
		{A60EF7B8-BDD1-45C9-ABCF-995D5F74E421} = {0D04674C-109D-4BA9-B7CF-F27EC99B092C}
		{E1C2C35B-8476-45D9-9A04-1DD639CC7AAC} = {A60EF7B8-BDD1-45C9-ABCF-995D5F74E421}
		{02F274D6-A0D6-425A-9882-AD4C1A405B8D} = {0D04674C-109D-4BA9-B7CF-F27EC99B092C}
		{0D04674C-109D-4BA9-B7CF-F27EC99B092C} = {0B29233F-66EB-4F98-B0F2-497B7989ABEB}
		{68481AA3-BCBD-48DB-BE74-B5C7FF896A6D} = {02F274D6-A0D6-425A-9882-AD4C1A405B8D}
		{EACB813C-3DC9-41B5-8CBB-DC32989703CA} = {0D04674C-109D-4BA9-B7CF-F27EC99B092C}
		{F29EA22E-0391-44C8-9131-5D521A4A1369} = {EACB813C-3DC9-41B5-8CBB-DC32989703CA}
		{2A17BC7F-D45D-4AE9-8501-D90CF913E8A9} = {0D04674C-109D-4BA9-B7CF-F27EC99B092C}
		{7279697E-5D5E-4DC1-A678-530787191F64} = {2A17BC7F-D45D-4AE9-8501-D90CF913E8A9}
		{3F2DB14F-0CFB-4138-A987-357465D67FBD} = {0D04674C-109D-4BA9-B7CF-F27EC99B092C}
		{3193021B-86F7-4361-8DFB-CA2A5795E511} = {3F2DB14F-0CFB-4138-A987-357465D67FBD}
		{D2ED969F-B287-449F-A1A4-9F3ADE6EF6A6} = {0B29233F-66EB-4F98-B0F2-497B7989ABEB}
		{7FD1A677-42BD-4BC7-8249-1461F6D19564} = {D2ED969F-B287-449F-A1A4-9F3ADE6EF6A6}
		{6C81BCCE-1998-4F73-A486-4E9D9A4E789F} = {7FD1A677-42BD-4BC7-8249-1461F6D19564}
		{EE7BC61E-F61D-4BCE-B188-B12B67FBBDBA} = {D2ED969F-B287-449F-A1A4-9F3ADE6EF6A6}
		{7AB1ED12-DC68-454B-92BD-FC101D9AA653} = {EE7BC61E-F61D-4BCE-B188-B12B67FBBDBA}
		{09ED5B41-97B7-43D2-8604-F064C833D48C} = {D2ED969F-B287-449F-A1A4-9F3ADE6EF6A6}
		{6D4C12C7-D3B7-46C4-B4D1-3192C8FFC6E5} = {09ED5B41-97B7-43D2-8604-F064C833D48C}
		{4355976A-EDCE-453E-9B5F-F1998BAEFE7A} = {D2ED969F-B287-449F-A1A4-9F3ADE6EF6A6}
		{AD3A940E-30E8-4707-9E89-731EA430F5C6} = {4355976A-EDCE-453E-9B5F-F1998BAEFE7A}
		{72AAA08F-376D-46AF-BCF6-747437FEDE2A} = {D2ED969F-B287-449F-A1A4-9F3ADE6EF6A6}
		{89B1A7F6-952A-415E-91EC-93CBF5C99808} = {72AAA08F-376D-46AF-BCF6-747437FEDE2A}
		{5A1AFFFC-8371-4902-9EA6-872DAA56AFE3} = {D2ED969F-B287-449F-A1A4-9F3ADE6EF6A6}
		{23510162-7DCA-45EF-BD9C-F00449B0BFC9} = {5A1AFFFC-8371-4902-9EA6-872DAA56AFE3}
		{856873CC-6B6F-4F4A-8E8A-798E4EADC4B5} = {D2ED969F-B287-449F-A1A4-9F3ADE6EF6A6}
		{C19CBE67-87CB-4458-A649-5381DB3968E1} = {856873CC-6B6F-4F4A-8E8A-798E4EADC4B5}
		{49DCD2BE-9D70-44C9-A912-1EF3DE650892} = {D2ED969F-B287-449F-A1A4-9F3ADE6EF6A6}
		{497245E7-DFD9-408A-AA13-508955F6A760} = {49DCD2BE-9D70-44C9-A912-1EF3DE650892}
		{40EF0494-A60D-45CB-9996-89549C836C0D} = {D2ED969F-B287-449F-A1A4-9F3ADE6EF6A6}
		{5DB0E72F-2E1B-4825-812C-64324F6B4BF3} = {40EF0494-A60D-45CB-9996-89549C836C0D}
		{1CD88F68-8C05-43C2-8E5E-998B1723E1E6} = {D2ED969F-B287-449F-A1A4-9F3ADE6EF6A6}
		{5CE24EAD-1F13-4F2C-8816-BB03157BB74A} = {1CD88F68-8C05-43C2-8E5E-998B1723E1E6}
	EndGlobalSection
	GlobalSection(ExtensibilityGlobals) = postSolution
		SolutionGuid = {FC434801-8F9B-4CF5-B06C-CC86D8BBD58D}
	EndGlobalSection
EndGlobal
